
Microsoft Visual Studio Solution File, Format Version 12.00
# Visual Studio Version 17
VisualStudioVersion = 17.3.32901.215
MinimumVisualStudioVersion = 10.0.40219.1
Project("{FAE04EC0-301F-11D3-BF4B-00C04F79EFBC}") = "ANGULAR_API", "ANGULAR_API.csproj", "{56585494-56EF-49F1-AF08-B58B7859A944}"
EndProject
Global
	GlobalSection(SolutionConfigurationPlatforms) = preSolution
		Debug|Any CPU = Debug|Any CPU
		Release|Any CPU = Release|Any CPU
	EndGlobalSection
	GlobalSection(ProjectConfigurationPlatforms) = postSolution
		{56585494-56EF-49F1-AF08-B58B7859A944}.Debug|Any CPU.ActiveCfg = Debug|Any CPU
		{56585494-56EF-49F1-AF08-B58B7859A944}.Debug|Any CPU.Build.0 = Debug|Any CPU
		{56585494-56EF-49F1-AF08-B58B7859A944}.Release|Any CPU.ActiveCfg = Release|Any CPU
		{56585494-56EF-49F1-AF08-B58B7859A944}.Release|Any CPU.Build.0 = Release|Any CPU
	EndGlobalSection
	GlobalSection(SolutionProperties) = preSolution
		HideSolutionNode = FALSE
	EndGlobalSection
	GlobalSection(ExtensibilityGlobals) = postSolution
		SolutionGuid = {6255F299-067C-4132-9ECA-8DA9D2CFA134}
	EndGlobalSection
EndGlobal
